// !$*UTF8*$!
{
	archiveVersion = 1;
	classes = {
	};
	objectVersion = 50;
	objects = {

/* Begin PBXBuildFile section */
		86179D4D23E80C1E00DF2873 /* AppDelegate.m in Sources */ = {isa = PBXBuildFile; fileRef = 86179D4C23E80C1E00DF2873 /* AppDelegate.m */; };
		86179D5023E80C1E00DF2873 /* SceneDelegate.m in Sources */ = {isa = PBXBuildFile; fileRef = 86179D4F23E80C1E00DF2873 /* SceneDelegate.m */; };
		86179D5323E80C1E00DF2873 /* ViewController.m in Sources */ = {isa = PBXBuildFile; fileRef = 86179D5223E80C1E00DF2873 /* ViewController.m */; };
		86179D5623E80C1E00DF2873 /* Main.storyboard in Resources */ = {isa = PBXBuildFile; fileRef = 86179D5423E80C1E00DF2873 /* Main.storyboard */; };
		86179D5823E80C2200DF2873 /* Assets.xcassets in Resources */ = {isa = PBXBuildFile; fileRef = 86179D5723E80C2200DF2873 /* Assets.xcassets */; };
		86179D5B23E80C2200DF2873 /* LaunchScreen.storyboard in Resources */ = {isa = PBXBuildFile; fileRef = 86179D5923E80C2200DF2873 /* LaunchScreen.storyboard */; };
		86179D5E23E80C2200DF2873 /* main.m in Sources */ = {isa = PBXBuildFile; fileRef = 86179D5D23E80C2200DF2873 /* main.m */; };
		F60B7370DBAE5DE97A2B0576 /* libPods-PodsBinaryDemo.a in Frameworks */ = {isa = PBXBuildFile; fileRef = A22E9A9BDF485AB02821B845 /* libPods-PodsBinaryDemo.a */; };
/* End PBXBuildFile section */

/* Begin PBXFileReference section */
		23F72F97C1130D946BB703F2 /* Pods-PodsBinaryDemo.release.xcconfig */ = {isa = PBXFileReference; includeInIndex = 1; lastKnownFileType = text.xcconfig; name = "Pods-PodsBinaryDemo.release.xcconfig"; path = "Target Support Files/Pods-PodsBinaryDemo/Pods-PodsBinaryDemo.release.xcconfig"; sourceTree = "<group>"; };
		33B33F2DE6648B798F5C71B6 /* Pods-PodsBinaryDemo.debug.xcconfig */ = {isa = PBXFileReference; includeInIndex = 1; lastKnownFileType = text.xcconfig; name = "Pods-PodsBinaryDemo.debug.xcconfig"; path = "Target Support Files/Pods-PodsBinaryDemo/Pods-PodsBinaryDemo.debug.xcconfig"; sourceTree = "<group>"; };
		86179D4823E80C1E00DF2873 /* PodsBinaryDemo.app */ = {isa = PBXFileReference; explicitFileType = wrapper.application; includeInIndex = 0; path = PodsBinaryDemo.app; sourceTree = BUILT_PRODUCTS_DIR; };
		86179D4B23E80C1E00DF2873 /* AppDelegate.h */ = {isa = PBXFileReference; lastKnownFileType = sourcecode.c.h; path = AppDelegate.h; sourceTree = "<group>"; };
		86179D4C23E80C1E00DF2873 /* AppDelegate.m */ = {isa = PBXFileReference; lastKnownFileType = sourcecode.c.objc; path = AppDelegate.m; sourceTree = "<group>"; };
		86179D4E23E80C1E00DF2873 /* SceneDelegate.h */ = {isa = PBXFileReference; lastKnownFileType = sourcecode.c.h; path = SceneDelegate.h; sourceTree = "<group>"; };
		86179D4F23E80C1E00DF2873 /* SceneDelegate.m */ = {isa = PBXFileReference; lastKnownFileType = sourcecode.c.objc; path = SceneDelegate.m; sourceTree = "<group>"; };
		86179D5123E80C1E00DF2873 /* ViewController.h */ = {isa = PBXFileReference; lastKnownFileType = sourcecode.c.h; path = ViewController.h; sourceTree = "<group>"; };
		86179D5223E80C1E00DF2873 /* ViewController.m */ = {isa = PBXFileReference; lastKnownFileType = sourcecode.c.objc; path = ViewController.m; sourceTree = "<group>"; };
		86179D5523E80C1E00DF2873 /* Base */ = {isa = PBXFileReference; lastKnownFileType = file.storyboard; name = Base; path = Base.lproj/Main.storyboard; sourceTree = "<group>"; };
		86179D5723E80C2200DF2873 /* Assets.xcassets */ = {isa = PBXFileReference; lastKnownFileType = folder.assetcatalog; path = Assets.xcassets; sourceTree = "<group>"; };
		86179D5A23E80C2200DF2873 /* Base */ = {isa = PBXFileReference; lastKnownFileType = file.storyboard; name = Base; path = Base.lproj/LaunchScreen.storyboard; sourceTree = "<group>"; };
		86179D5C23E80C2200DF2873 /* Info.plist */ = {isa = PBXFileReference; lastKnownFileType = text.plist.xml; path = Info.plist; sourceTree = "<group>"; };
		86179D5D23E80C2200DF2873 /* main.m */ = {isa = PBXFileReference; lastKnownFileType = sourcecode.c.objc; path = main.m; sourceTree = "<group>"; };
		A22E9A9BDF485AB02821B845 /* libPods-PodsBinaryDemo.a */ = {isa = PBXFileReference; explicitFileType = archive.ar; includeInIndex = 0; path = "libPods-PodsBinaryDemo.a"; sourceTree = BUILT_PRODUCTS_DIR; };
/* End PBXFileReference section */

/* Begin PBXFrameworksBuildPhase section */
		86179D4523E80C1E00DF2873 /* Frameworks */ = {
			isa = PBXFrameworksBuildPhase;
			buildActionMask = 2147483647;
			files = (
				F60B7370DBAE5DE97A2B0576 /* libPods-PodsBinaryDemo.a in Frameworks */,
			);
			runOnlyForDeploymentPostprocessing = 0;
		};
/* End PBXFrameworksBuildPhase section */

/* Begin PBXGroup section */
		057B33C66E8E9A8FCBE44E50 /* Frameworks */ = {
			isa = PBXGroup;
			children = (
				A22E9A9BDF485AB02821B845 /* libPods-PodsBinaryDemo.a */,
			);
			name = Frameworks;
			sourceTree = "<group>";
		};
		76C4A32C027BE0D9055E1176 /* Pods */ = {
			isa = PBXGroup;
			children = (
				33B33F2DE6648B798F5C71B6 /* Pods-PodsBinaryDemo.debug.xcconfig */,
				23F72F97C1130D946BB703F2 /* Pods-PodsBinaryDemo.release.xcconfig */,
			);
			name = Pods;
			path = Pods;
			sourceTree = "<group>";
		};
		86179D3F23E80C1E00DF2873 = {
			isa = PBXGroup;
			children = (
				86179D4A23E80C1E00DF2873 /* PodsBinaryDemo */,
				86179D4923E80C1E00DF2873 /* Products */,
				76C4A32C027BE0D9055E1176 /* Pods */,
				057B33C66E8E9A8FCBE44E50 /* Frameworks */,
			);
			sourceTree = "<group>";
		};
		86179D4923E80C1E00DF2873 /* Products */ = {
			isa = PBXGroup;
			children = (
				86179D4823E80C1E00DF2873 /* PodsBinaryDemo.app */,
			);
			name = Products;
			sourceTree = "<group>";
		};
		86179D4A23E80C1E00DF2873 /* PodsBinaryDemo */ = {
			isa = PBXGroup;
			children = (
				86179D4B23E80C1E00DF2873 /* AppDelegate.h */,
				86179D4C23E80C1E00DF2873 /* AppDelegate.m */,
				86179D4E23E80C1E00DF2873 /* SceneDelegate.h */,
				86179D4F23E80C1E00DF2873 /* SceneDelegate.m */,
				86179D5123E80C1E00DF2873 /* ViewController.h */,
				86179D5223E80C1E00DF2873 /* ViewController.m */,
				86179D5423E80C1E00DF2873 /* Main.storyboard */,
				86179D5723E80C2200DF2873 /* Assets.xcassets */,
				86179D5923E80C2200DF2873 /* LaunchScreen.storyboard */,
				86179D5C23E80C2200DF2873 /* Info.plist */,
				86179D5D23E80C2200DF2873 /* main.m */,
			);
			path = PodsBinaryDemo;
			sourceTree = "<group>";
		};
/* End PBXGroup section */

/* Begin PBXNativeTarget section */
		86179D4723E80C1E00DF2873 /* PodsBinaryDemo */ = {
			isa = PBXNativeTarget;
			buildConfigurationList = 86179D6123E80C2200DF2873 /* Build configuration list for PBXNativeTarget "PodsBinaryDemo" */;
			buildPhases = (
				2916B3903399EF0BC95D708E /* [CP] Check Pods Manifest.lock */,
				86179D4423E80C1E00DF2873 /* Sources */,
				86179D4523E80C1E00DF2873 /* Frameworks */,
				86179D4623E80C1E00DF2873 /* Resources */,
			);
			buildRules = (
			);
			dependencies = (
			);
			name = PodsBinaryDemo;
			productName = PodsBinaryDemo;
			productReference = 86179D4823E80C1E00DF2873 /* PodsBinaryDemo.app */;
			productType = "com.apple.product-type.application";
		};
/* End PBXNativeTarget section */

/* Begin PBXProject section */
		86179D4023E80C1E00DF2873 /* Project object */ = {
			isa = PBXProject;
			attributes = {
				LastUpgradeCheck = 1130;
				ORGANIZATIONNAME = "Yu,Chuanfeng";
				TargetAttributes = {
					86179D4723E80C1E00DF2873 = {
						CreatedOnToolsVersion = 11.3.1;
					};
				};
			};
			buildConfigurationList = 86179D4323E80C1E00DF2873 /* Build configuration list for PBXProject "PodsBinaryDemo" */;
			compatibilityVersion = "Xcode 9.3";
			developmentRegion = en;
			hasScannedForEncodings = 0;
			knownRegions = (
				en,
				Base,
			);
			mainGroup = 86179D3F23E80C1E00DF2873;
			productRefGroup = 86179D4923E80C1E00DF2873 /* Products */;
			projectDirPath = "";
			projectRoot = "";
			targets = (
				86179D4723E80C1E00DF2873 /* PodsBinaryDemo */,
			);
		};
/* End PBXProject section */

/* Begin PBXResourcesBuildPhase section */
		86179D4623E80C1E00DF2873 /* Resources */ = {
			isa = PBXResourcesBuildPhase;
			buildActionMask = 2147483647;
			files = (
				86179D5B23E80C2200DF2873 /* LaunchScreen.storyboard in Resources */,
				86179D5823E80C2200DF2873 /* Assets.xcassets in Resources */,
				86179D5623E80C1E00DF2873 /* Main.storyboard in Resources */,
			);
			runOnlyForDeploymentPostprocessing = 0;
		};
/* End PBXResourcesBuildPhase section */

/* Begin PBXShellScriptBuildPhase section */
		2916B3903399EF0BC95D708E /* [CP] Check Pods Manifest.lock */ = {
			isa = PBXShellScriptBuildPhase;
			buildActionMask = 2147483647;
			files = (
			);
			inputFileListPaths = (
			);
			inputPaths = (
				"${PODS_PODFILE_DIR_PATH}/Podfile.lock",
				"${PODS_ROOT}/Manifest.lock",
			);
			name = "[CP] Check Pods Manifest.lock";
			outputFileListPaths = (
			);
			outputPaths = (
				"$(DERIVED_FILE_DIR)/Pods-PodsBinaryDemo-checkManifestLockResult.txt",
			);
			runOnlyForDeploymentPostprocessing = 0;
			shellPath = /bin/sh;
			shellScript = "diff \"${PODS_PODFILE_DIR_PATH}/Podfile.lock\" \"${PODS_ROOT}/Manifest.lock\" > /dev/null\nif [ $? != 0 ] ; then\n    # print error to STDERR\n    echo \"error: The sandbox is not in sync with the Podfile.lock. Run 'pod install' or update your CocoaPods installation.\" >&2\n    exit 1\nfi\n# This output is used by Xcode 'outputs' to avoid re-running this script phase.\necho \"SUCCESS\" > \"${SCRIPT_OUTPUT_FILE_0}\"\n";
			showEnvVarsInLog = 0;
		};
/* End PBXShellScriptBuildPhase section */

/* Begin PBXSourcesBuildPhase section */
		86179D4423E80C1E00DF2873 /* Sources */ = {
			isa = PBXSourcesBuildPhase;
			buildActionMask = 2147483647;
			files = (
				86179D5323E80C1E00DF2873 /* ViewController.m in Sources */,
				86179D4D23E80C1E00DF2873 /* AppDelegate.m in Sources */,
				86179D5E23E80C2200DF2873 /* main.m in Sources */,
				86179D5023E80C1E00DF2873 /* SceneDelegate.m in Sources */,
			);
			runOnlyForDeploymentPostprocessing = 0;
		};
/* End PBXSourcesBuildPhase section */

/* Begin PBXVariantGroup section */
		86179D5423E80C1E00DF2873 /* Main.storyboard */ = {
			isa = PBXVariantGroup;
			children = (
				86179D5523E80C1E00DF2873 /* Base */,
			);
			name = Main.storyboard;
			sourceTree = "<group>";
		};
		86179D5923E80C2200DF2873 /* LaunchScreen.storyboard */ = {
			isa = PBXVariantGroup;
			children = (
				86179D5A23E80C2200DF2873 /* Base */,
			);
			name = LaunchScreen.storyboard;
			sourceTree = "<group>";
		};
/* End PBXVariantGroup section */

/* Begin XCBuildConfiguration section */
		86179D5F23E80C2200DF2873 /* Debug */ = {
			isa = XCBuildConfiguration;
			buildSettings = {
				ALWAYS_SEARCH_USER_PATHS = NO;
				CLANG_ANALYZER_NONNULL = YES;
				CLANG_ANALYZER_NUMBER_OBJECT_CONVERSION = YES_AGGRESSIVE;
				CLANG_CXX_LANGUAGE_STANDARD = "gnu++14";
				CLANG_CXX_LIBRARY = "libc++";
				CLANG_ENABLE_MODULES = YES;
				CLANG_ENABLE_OBJC_ARC = YES;
				CLANG_ENABLE_OBJC_WEAK = YES;
				CLANG_WARN_BLOCK_CAPTURE_AUTORELEASING = YES;
				CLANG_WARN_BOOL_CONVERSION = YES;
				CLANG_WARN_COMMA = YES;
				CLANG_WARN_CONSTANT_CONVERSION = YES;
				CLANG_WARN_DEPRECATED_OBJC_IMPLEMENTATIONS = YES;
				CLANG_WARN_DIRECT_OBJC_ISA_USAGE = YES_ERROR;
				CLANG_WARN_DOCUMENTATION_COMMENTS = YES;
				CLANG_WARN_EMPTY_BODY = YES;
				CLANG_WARN_ENUM_CONVERSION = YES;
				CLANG_WARN_INFINITE_RECURSION = YES;
				CLANG_WARN_INT_CONVERSION = YES;
				CLANG_WARN_NON_LITERAL_NULL_CONVERSION = YES;
				CLANG_WARN_OBJC_IMPLICIT_RETAIN_SELF = YES;
				CLANG_WARN_OBJC_LITERAL_CONVERSION = YES;
				CLANG_WARN_OBJC_ROOT_CLASS = YES_ERROR;
				CLANG_WARN_RANGE_LOOP_ANALYSIS = YES;
				CLANG_WARN_STRICT_PROTOTYPES = YES;
				CLANG_WARN_SUSPICIOUS_MOVE = YES;
				CLANG_WARN_UNGUARDED_AVAILABILITY = YES_AGGRESSIVE;
				CLANG_WARN_UNREACHABLE_CODE = YES;
				CLANG_WARN__DUPLICATE_METHOD_MATCH = YES;
				COPY_PHASE_STRIP = NO;
				DEBUG_INFORMATION_FORMAT = dwarf;
				ENABLE_STRICT_OBJC_MSGSEND = YES;
				ENABLE_TESTABILITY = YES;
				GCC_C_LANGUAGE_STANDARD = gnu11;
				GCC_DYNAMIC_NO_PIC = NO;
				GCC_NO_COMMON_BLOCKS = YES;
				GCC_OPTIMIZATION_LEVEL = 0;
				GCC_PREPROCESSOR_DEFINITIONS = (
					"DEBUG=1",
					"$(inherited)",
				);
				GCC_WARN_64_TO_32_BIT_CONVERSION = YES;
				GCC_WARN_ABOUT_RETURN_TYPE = YES_ERROR;
				GCC_WARN_UNDECLARED_SELECTOR = YES;
				GCC_WARN_UNINITIALIZED_AUTOS = YES_AGGRESSIVE;
				GCC_WARN_UNUSED_FUNCTION = YES;
				GCC_WARN_UNUSED_VARIABLE = YES;
				IPHONEOS_DEPLOYMENT_TARGET = 13.2;
				MTL_ENABLE_DEBUG_INFO = INCLUDE_SOURCE;
				MTL_FAST_MATH = YES;
				ONLY_ACTIVE_ARCH = YES;
				SDKROOT = iphoneos;
			};
			name = Debug;
		};
		86179D6023E80C2200DF2873 /* Release */ = {
			isa = XCBuildConfiguration;
			buildSettings = {
				ALWAYS_SEARCH_USER_PATHS = NO;
				CLANG_ANALYZER_NONNULL = YES;
				CLANG_ANALYZER_NUMBER_OBJECT_CONVERSION = YES_AGGRESSIVE;
				CLANG_CXX_LANGUAGE_STANDARD = "gnu++14";
				CLANG_CXX_LIBRARY = "libc++";
				CLANG_ENABLE_MODULES = YES;
				CLANG_ENABLE_OBJC_ARC = YES;
				CLANG_ENABLE_OBJC_WEAK = YES;
				CLANG_WARN_BLOCK_CAPTURE_AUTORELEASING = YES;
				CLANG_WARN_BOOL_CONVERSION = YES;
				CLANG_WARN_COMMA = YES;
				CLANG_WARN_CONSTANT_CONVERSION = YES;
				CLANG_WARN_DEPRECATED_OBJC_IMPLEMENTATIONS = YES;
				CLANG_WARN_DIRECT_OBJC_ISA_USAGE = YES_ERROR;
				CLANG_WARN_DOCUMENTATION_COMMENTS = YES;
				CLANG_WARN_EMPTY_BODY = YES;
				CLANG_WARN_ENUM_CONVERSION = YES;
				CLANG_WARN_INFINITE_RECURSION = YES;
				CLANG_WARN_INT_CONVERSION = YES;
				CLANG_WARN_NON_LITERAL_NULL_CONVERSION = YES;
				CLANG_WARN_OBJC_IMPLICIT_RETAIN_SELF = YES;
				CLANG_WARN_OBJC_LITERAL_CONVERSION = YES;
				CLANG_WARN_OBJC_ROOT_CLASS = YES_ERROR;
				CLANG_WARN_RANGE_LOOP_ANALYSIS = YES;
				CLANG_WARN_STRICT_PROTOTYPES = YES;
				CLANG_WARN_SUSPICIOUS_MOVE = YES;
				CLANG_WARN_UNGUARDED_AVAILABILITY = YES_AGGRESSIVE;
				CLANG_WARN_UNREACHABLE_CODE = YES;
				CLANG_WARN__DUPLICATE_METHOD_MATCH = YES;
				COPY_PHASE_STRIP = NO;
				DEBUG_INFORMATION_FORMAT = "dwarf-with-dsym";
				ENABLE_NS_ASSERTIONS = NO;
				ENABLE_STRICT_OBJC_MSGSEND = YES;
				GCC_C_LANGUAGE_STANDARD = gnu11;
				GCC_NO_COMMON_BLOCKS = YES;
				GCC_WARN_64_TO_32_BIT_CONVERSION = YES;
				GCC_WARN_ABOUT_RETURN_TYPE = YES_ERROR;
				GCC_WARN_UNDECLARED_SELECTOR = YES;
				GCC_WARN_UNINITIALIZED_AUTOS = YES_AGGRESSIVE;
				GCC_WARN_UNUSED_FUNCTION = YES;
				GCC_WARN_UNUSED_VARIABLE = YES;
				IPHONEOS_DEPLOYMENT_TARGET = 13.2;
				MTL_ENABLE_DEBUG_INFO = NO;
				MTL_FAST_MATH = YES;
				SDKROOT = iphoneos;
				VALIDATE_PRODUCT = YES;
			};
			name = Release;
		};
		86179D6223E80C2200DF2873 /* Debug */ = {
			isa = XCBuildConfiguration;
			baseConfigurationReference = 33B33F2DE6648B798F5C71B6 /* Pods-PodsBinaryDemo.debug.xcconfig */;
			buildSettings = {
				ASSETCATALOG_COMPILER_APPICON_NAME = AppIcon;
				CODE_SIGN_STYLE = Automatic;
				DEVELOPMENT_TEAM = TGLMB8BDP2;
				INFOPLIST_FILE = PodsBinaryDemo/Info.plist;
				LD_RUNPATH_SEARCH_PATHS = (
					"$(inherited)",
					"@executable_path/Frameworks",
				);
				PRODUCT_BUNDLE_IDENTIFIER = yu.PodsBinaryDemo;
				PRODUCT_NAME = "$(TARGET_NAME)";
				TARGETED_DEVICE_FAMILY = "1,2";
			};
			name = Debug;
		};
		86179D6323E80C2200DF2873 /* Release */ = {
			isa = XCBuildConfiguration;
			baseConfigurationReference = 23F72F97C1130D946BB703F2 /* Pods-PodsBinaryDemo.release.xcconfig */;
			buildSettings = {
				ASSETCATALOG_COMPILER_APPICON_NAME = AppIcon;
				CODE_SIGN_STYLE = Automatic;
				DEVELOPMENT_TEAM = TGLMB8BDP2;
				INFOPLIST_FILE = PodsBinaryDemo/Info.plist;
				LD_RUNPATH_SEARCH_PATHS = (
					"$(inherited)",
					"@executable_path/Frameworks",
				);
				PRODUCT_BUNDLE_IDENTIFIER = yu.PodsBinaryDemo;
				PRODUCT_NAME = "$(TARGET_NAME)";
				TARGETED_DEVICE_FAMILY = "1,2";
			};
			name = Release;
		};
/* End XCBuildConfiguration section */

/* Begin XCConfigurationList section */
		86179D4323E80C1E00DF2873 /* Build configuration list for PBXProject "PodsBinaryDemo" */ = {
			isa = XCConfigurationList;
			buildConfigurations = (
				86179D5F23E80C2200DF2873 /* Debug */,
				86179D6023E80C2200DF2873 /* Release */,
			);
			defaultConfigurationIsVisible = 0;
			defaultConfigurationName = Release;
		};
		86179D6123E80C2200DF2873 /* Build configuration list for PBXNativeTarget "PodsBinaryDemo" */ = {
			isa = XCConfigurationList;
			buildConfigurations = (
				86179D6223E80C2200DF2873 /* Debug */,
				86179D6323E80C2200DF2873 /* Release */,
			);
			defaultConfigurationIsVisible = 0;
			defaultConfigurationName = Release;
		};
/* End XCConfigurationList section */
	};
	rootObject = 86179D4023E80C1E00DF2873 /* Project object */;
}
